
Microsoft Visual Studio Solution File, Format Version 12.00
# Visual Studio 15
VisualStudioVersion = 15.0.27130.2010
MinimumVisualStudioVersion = 10.0.40219.1
Project("{FAE04EC0-301F-11D3-BF4B-00C04F79EFBC}") = "Crosshair", "Crosshair\Crosshair.csproj", "{CE7A1AA3-2D2C-44F6-BDE0-089E075DA5DF}"
EndProject
Global
	GlobalSection(SolutionConfigurationPlatforms) = preSolution
		Debug|Any CPU = Debug|Any CPU
		Release|Any CPU = Release|Any CPU
	EndGlobalSection
	GlobalSection(ProjectConfigurationPlatforms) = postSolution
		{CE7A1AA3-2D2C-44F6-BDE0-089E075DA5DF}.Debug|Any CPU.ActiveCfg = Debug|Any CPU
		{CE7A1AA3-2D2C-44F6-BDE0-089E075DA5DF}.Debug|Any CPU.Build.0 = Debug|Any CPU
		{CE7A1AA3-2D2C-44F6-BDE0-089E075DA5DF}.Release|Any CPU.ActiveCfg = Release|Any CPU
		{CE7A1AA3-2D2C-44F6-BDE0-089E075DA5DF}.Release|Any CPU.Build.0 = Release|Any CPU
	EndGlobalSection
	GlobalSection(SolutionProperties) = preSolution
		HideSolutionNode = FALSE
	EndGlobalSection
	GlobalSection(ExtensibilityGlobals) = postSolution
		SolutionGuid = {908048ED-9A59-42C4-9834-56AA1C9700CB}
	EndGlobalSection
EndGlobal
